// !$*UTF8*$!
{
	archiveVersion = 1;
	classes = {
	};
	objectVersion = 46;
	objects = {

/* Begin PBXBuildFile section */
		3B579CA93BFA48CA27803C12 /* Pods_SunnyOrNot.framework in Frameworks */ = {isa = PBXBuildFile; fileRef = CB3587B749B9391121267D77 /* Pods_SunnyOrNot.framework */; };
		7C1FBF551EA675C3009A1FCB /* AppDelegate.swift in Sources */ = {isa = PBXBuildFile; fileRef = 7C1FBF541EA675C3009A1FCB /* AppDelegate.swift */; };
		7C1FBF571EA675C3009A1FCB /* WeatherVC.swift in Sources */ = {isa = PBXBuildFile; fileRef = 7C1FBF561EA675C3009A1FCB /* WeatherVC.swift */; };
		7C1FBF5A1EA675C3009A1FCB /* Main.storyboard in Resources */ = {isa = PBXBuildFile; fileRef = 7C1FBF581EA675C3009A1FCB /* Main.storyboard */; };
		7C1FBF5D1EA675C3009A1FCB /* SunnyOrNot.xcdatamodeld in Sources */ = {isa = PBXBuildFile; fileRef = 7C1FBF5B1EA675C3009A1FCB /* SunnyOrNot.xcdatamodeld */; };
		7C1FBF5F1EA675C3009A1FCB /* Assets.xcassets in Resources */ = {isa = PBXBuildFile; fileRef = 7C1FBF5E1EA675C3009A1FCB /* Assets.xcassets */; };
		7C1FBF621EA675C3009A1FCB /* LaunchScreen.storyboard in Resources */ = {isa = PBXBuildFile; fileRef = 7C1FBF601EA675C3009A1FCB /* LaunchScreen.storyboard */; };
		7C28FE221EC5F0020021F8C5 /* WeatherCell.swift in Sources */ = {isa = PBXBuildFile; fileRef = 7C28FE211EC5F0020021F8C5 /* WeatherCell.swift */; };
		7C5738381EB0DA5100D10A2F /* Constants.swift in Sources */ = {isa = PBXBuildFile; fileRef = 7C5738371EB0DA5100D10A2F /* Constants.swift */; };
		7C57383A1EB0DD9000D10A2F /* CurrentWeather.swift in Sources */ = {isa = PBXBuildFile; fileRef = 7C5738391EB0DD9000D10A2F /* CurrentWeather.swift */; };
		7CEC225A1EC49B9000FE5068 /* Forecast.swift in Sources */ = {isa = PBXBuildFile; fileRef = 7CEC22591EC49B9000FE5068 /* Forecast.swift */; };
/* End PBXBuildFile section */

/* Begin PBXFileReference section */
		7C1FBF511EA675C3009A1FCB /* SunnyOrNot.app */ = {isa = PBXFileReference; explicitFileType = wrapper.application; includeInIndex = 0; path = SunnyOrNot.app; sourceTree = BUILT_PRODUCTS_DIR; };
		7C1FBF541EA675C3009A1FCB /* AppDelegate.swift */ = {isa = PBXFileReference; lastKnownFileType = sourcecode.swift; path = AppDelegate.swift; sourceTree = "<group>"; };
		7C1FBF561EA675C3009A1FCB /* WeatherVC.swift */ = {isa = PBXFileReference; lastKnownFileType = sourcecode.swift; path = WeatherVC.swift; sourceTree = "<group>"; };
		7C1FBF591EA675C3009A1FCB /* Base */ = {isa = PBXFileReference; lastKnownFileType = file.storyboard; name = Base; path = Base.lproj/Main.storyboard; sourceTree = "<group>"; };
		7C1FBF5C1EA675C3009A1FCB /* SunnyOrNot.xcdatamodel */ = {isa = PBXFileReference; lastKnownFileType = wrapper.xcdatamodel; path = SunnyOrNot.xcdatamodel; sourceTree = "<group>"; };
		7C1FBF5E1EA675C3009A1FCB /* Assets.xcassets */ = {isa = PBXFileReference; lastKnownFileType = folder.assetcatalog; path = Assets.xcassets; sourceTree = "<group>"; };
		7C1FBF611EA675C3009A1FCB /* Base */ = {isa = PBXFileReference; lastKnownFileType = file.storyboard; name = Base; path = Base.lproj/LaunchScreen.storyboard; sourceTree = "<group>"; };
		7C1FBF631EA675C3009A1FCB /* Info.plist */ = {isa = PBXFileReference; lastKnownFileType = text.plist.xml; path = Info.plist; sourceTree = "<group>"; };
		7C28FE211EC5F0020021F8C5 /* WeatherCell.swift */ = {isa = PBXFileReference; fileEncoding = 4; lastKnownFileType = sourcecode.swift; path = WeatherCell.swift; sourceTree = "<group>"; };
		7C5738371EB0DA5100D10A2F /* Constants.swift */ = {isa = PBXFileReference; fileEncoding = 4; lastKnownFileType = sourcecode.swift; path = Constants.swift; sourceTree = "<group>"; };
		7C5738391EB0DD9000D10A2F /* CurrentWeather.swift */ = {isa = PBXFileReference; fileEncoding = 4; lastKnownFileType = sourcecode.swift; path = CurrentWeather.swift; sourceTree = "<group>"; };
		7CEC22591EC49B9000FE5068 /* Forecast.swift */ = {isa = PBXFileReference; fileEncoding = 4; lastKnownFileType = sourcecode.swift; path = Forecast.swift; sourceTree = "<group>"; };
		875AAAFAB9517DF2F0663752 /* Pods-SunnyOrNot.debug.xcconfig */ = {isa = PBXFileReference; includeInIndex = 1; lastKnownFileType = text.xcconfig; name = "Pods-SunnyOrNot.debug.xcconfig"; path = "Pods/Target Support Files/Pods-SunnyOrNot/Pods-SunnyOrNot.debug.xcconfig"; sourceTree = "<group>"; };
		CB3587B749B9391121267D77 /* Pods_SunnyOrNot.framework */ = {isa = PBXFileReference; explicitFileType = wrapper.framework; includeInIndex = 0; path = Pods_SunnyOrNot.framework; sourceTree = BUILT_PRODUCTS_DIR; };
		F119018D3E87ACA1B195F8FD /* Pods-SunnyOrNot.release.xcconfig */ = {isa = PBXFileReference; includeInIndex = 1; lastKnownFileType = text.xcconfig; name = "Pods-SunnyOrNot.release.xcconfig"; path = "Pods/Target Support Files/Pods-SunnyOrNot/Pods-SunnyOrNot.release.xcconfig"; sourceTree = "<group>"; };
/* End PBXFileReference section */

/* Begin PBXFrameworksBuildPhase section */
		7C1FBF4E1EA675C3009A1FCB /* Frameworks */ = {
			isa = PBXFrameworksBuildPhase;
			buildActionMask = 2147483647;
			files = (
				3B579CA93BFA48CA27803C12 /* Pods_SunnyOrNot.framework in Frameworks */,
			);
			runOnlyForDeploymentPostprocessing = 0;
		};
/* End PBXFrameworksBuildPhase section */

/* Begin PBXGroup section */
		59DCF06CEF425C9415D7B00E /* Pods */ = {
			isa = PBXGroup;
			children = (
				875AAAFAB9517DF2F0663752 /* Pods-SunnyOrNot.debug.xcconfig */,
				F119018D3E87ACA1B195F8FD /* Pods-SunnyOrNot.release.xcconfig */,
			);
			name = Pods;
			sourceTree = "<group>";
		};
		7C1FBF481EA675C3009A1FCB = {
			isa = PBXGroup;
			children = (
				7C1FBF531EA675C3009A1FCB /* SunnyOrNot */,
				7C1FBF521EA675C3009A1FCB /* Products */,
				59DCF06CEF425C9415D7B00E /* Pods */,
				E67C0E94D2D1E40098F9707A /* Frameworks */,
			);
			sourceTree = "<group>";
		};
		7C1FBF521EA675C3009A1FCB /* Products */ = {
			isa = PBXGroup;
			children = (
				7C1FBF511EA675C3009A1FCB /* SunnyOrNot.app */,
			);
			name = Products;
			sourceTree = "<group>";
		};
		7C1FBF531EA675C3009A1FCB /* SunnyOrNot */ = {
			isa = PBXGroup;
			children = (
				7C1FBF541EA675C3009A1FCB /* AppDelegate.swift */,
				7C1FBF561EA675C3009A1FCB /* WeatherVC.swift */,
				7C1FBF581EA675C3009A1FCB /* Main.storyboard */,
				7C1FBF5E1EA675C3009A1FCB /* Assets.xcassets */,
				7C1FBF601EA675C3009A1FCB /* LaunchScreen.storyboard */,
				7C1FBF631EA675C3009A1FCB /* Info.plist */,
				7C1FBF5B1EA675C3009A1FCB /* SunnyOrNot.xcdatamodeld */,
				7C5738371EB0DA5100D10A2F /* Constants.swift */,
				7C5738391EB0DD9000D10A2F /* CurrentWeather.swift */,
				7CEC22591EC49B9000FE5068 /* Forecast.swift */,
				7C28FE211EC5F0020021F8C5 /* WeatherCell.swift */,
			);
			path = SunnyOrNot;
			sourceTree = "<group>";
		};
		E67C0E94D2D1E40098F9707A /* Frameworks */ = {
			isa = PBXGroup;
			children = (
				CB3587B749B9391121267D77 /* Pods_SunnyOrNot.framework */,
			);
			name = Frameworks;
			sourceTree = "<group>";
		};
/* End PBXGroup section */

/* Begin PBXNativeTarget section */
		7C1FBF501EA675C3009A1FCB /* SunnyOrNot */ = {
			isa = PBXNativeTarget;
			buildConfigurationList = 7C1FBF661EA675C3009A1FCB /* Build configuration list for PBXNativeTarget "SunnyOrNot" */;
			buildPhases = (
				29C1CE62620DA72EE83E0FF9 /* [CP] Check Pods Manifest.lock */,
				7C1FBF4D1EA675C3009A1FCB /* Sources */,
				7C1FBF4E1EA675C3009A1FCB /* Frameworks */,
				7C1FBF4F1EA675C3009A1FCB /* Resources */,
				030DA04A936C8A2F82367A90 /* [CP] Embed Pods Frameworks */,
				06C28D6E89D86350A64CF2B3 /* [CP] Copy Pods Resources */,
			);
			buildRules = (
			);
			dependencies = (
			);
			name = SunnyOrNot;
			productName = SunnyOrNot;
			productReference = 7C1FBF511EA675C3009A1FCB /* SunnyOrNot.app */;
			productType = "com.apple.product-type.application";
		};
/* End PBXNativeTarget section */

/* Begin PBXProject section */
		7C1FBF491EA675C3009A1FCB /* Project object */ = {
			isa = PBXProject;
			attributes = {
				LastSwiftUpdateCheck = 0820;
				LastUpgradeCheck = 0820;
				ORGANIZATIONNAME = "Subhankar Dee Raj";
				TargetAttributes = {
					7C1FBF501EA675C3009A1FCB = {
						CreatedOnToolsVersion = 8.2.1;
						ProvisioningStyle = Automatic;
					};
				};
			};
			buildConfigurationList = 7C1FBF4C1EA675C3009A1FCB /* Build configuration list for PBXProject "SunnyOrNot" */;
			compatibilityVersion = "Xcode 3.2";
			developmentRegion = English;
			hasScannedForEncodings = 0;
			knownRegions = (
				en,
				Base,
			);
			mainGroup = 7C1FBF481EA675C3009A1FCB;
			productRefGroup = 7C1FBF521EA675C3009A1FCB /* Products */;
			projectDirPath = "";
			projectRoot = "";
			targets = (
				7C1FBF501EA675C3009A1FCB /* SunnyOrNot */,
			);
		};
/* End PBXProject section */

/* Begin PBXResourcesBuildPhase section */
		7C1FBF4F1EA675C3009A1FCB /* Resources */ = {
			isa = PBXResourcesBuildPhase;
			buildActionMask = 2147483647;
			files = (
				7C1FBF621EA675C3009A1FCB /* LaunchScreen.storyboard in Resources */,
				7C1FBF5F1EA675C3009A1FCB /* Assets.xcassets in Resources */,
				7C1FBF5A1EA675C3009A1FCB /* Main.storyboard in Resources */,
			);
			runOnlyForDeploymentPostprocessing = 0;
		};
/* End PBXResourcesBuildPhase section */

/* Begin PBXShellScriptBuildPhase section */
		030DA04A936C8A2F82367A90 /* [CP] Embed Pods Frameworks */ = {
			isa = PBXShellScriptBuildPhase;
			buildActionMask = 2147483647;
			files = (
			);
			inputPaths = (
			);
			name = "[CP] Embed Pods Frameworks";
			outputPaths = (
			);
			runOnlyForDeploymentPostprocessing = 0;
			shellPath = /bin/sh;
			shellScript = "\"${SRCROOT}/Pods/Target Support Files/Pods-SunnyOrNot/Pods-SunnyOrNot-frameworks.sh\"\n";
			showEnvVarsInLog = 0;
		};
		06C28D6E89D86350A64CF2B3 /* [CP] Copy Pods Resources */ = {
			isa = PBXShellScriptBuildPhase;
			buildActionMask = 2147483647;
			files = (
			);
			inputPaths = (
			);
			name = "[CP] Copy Pods Resources";
			outputPaths = (
			);
			runOnlyForDeploymentPostprocessing = 0;
			shellPath = /bin/sh;
			shellScript = "\"${SRCROOT}/Pods/Target Support Files/Pods-SunnyOrNot/Pods-SunnyOrNot-resources.sh\"\n";
			showEnvVarsInLog = 0;
		};
		29C1CE62620DA72EE83E0FF9 /* [CP] Check Pods Manifest.lock */ = {
			isa = PBXShellScriptBuildPhase;
			buildActionMask = 2147483647;
			files = (
			);
			inputPaths = (
			);
			name = "[CP] Check Pods Manifest.lock";
			outputPaths = (
			);
			runOnlyForDeploymentPostprocessing = 0;
			shellPath = /bin/sh;
			shellScript = "diff \"${PODS_PODFILE_DIR_PATH}/Podfile.lock\" \"${PODS_ROOT}/Manifest.lock\" > /dev/null\nif [ $? != 0 ] ; then\n    # print error to STDERR\n    echo \"error: The sandbox is not in sync with the Podfile.lock. Run 'pod install' or update your CocoaPods installation.\" >&2\n    exit 1\nfi\n";
			showEnvVarsInLog = 0;
		};
/* End PBXShellScriptBuildPhase section */

/* Begin PBXSourcesBuildPhase section */
		7C1FBF4D1EA675C3009A1FCB /* Sources */ = {
			isa = PBXSourcesBuildPhase;
			buildActionMask = 2147483647;
			files = (
				7C1FBF571EA675C3009A1FCB /* WeatherVC.swift in Sources */,
				7C57383A1EB0DD9000D10A2F /* CurrentWeather.swift in Sources */,
				7C1FBF551EA675C3009A1FCB /* AppDelegate.swift in Sources */,
				7C1FBF5D1EA675C3009A1FCB /* SunnyOrNot.xcdatamodeld in Sources */,
				7CEC225A1EC49B9000FE5068 /* Forecast.swift in Sources */,
				7C5738381EB0DA5100D10A2F /* Constants.swift in Sources */,
				7C28FE221EC5F0020021F8C5 /* WeatherCell.swift in Sources */,
			);
			runOnlyForDeploymentPostprocessing = 0;
		};
/* End PBXSourcesBuildPhase section */

/* Begin PBXVariantGroup section */
		7C1FBF581EA675C3009A1FCB /* Main.storyboard */ = {
			isa = PBXVariantGroup;
			children = (
				7C1FBF591EA675C3009A1FCB /* Base */,
			);
			name = Main.storyboard;
			sourceTree = "<group>";
		};
		7C1FBF601EA675C3009A1FCB /* LaunchScreen.storyboard */ = {
			isa = PBXVariantGroup;
			children = (
				7C1FBF611EA675C3009A1FCB /* Base */,
			);
			name = LaunchScreen.storyboard;
			sourceTree = "<group>";
		};
/* End PBXVariantGroup section */

/* Begin XCBuildConfiguration section */
		7C1FBF641EA675C3009A1FCB /* Debug */ = {
			isa = XCBuildConfiguration;
			buildSettings = {
				ALWAYS_SEARCH_USER_PATHS = NO;
				CLANG_ANALYZER_NONNULL = YES;
				CLANG_CXX_LANGUAGE_STANDARD = "gnu++0x";
				CLANG_CXX_LIBRARY = "libc++";
				CLANG_ENABLE_MODULES = YES;
				CLANG_ENABLE_OBJC_ARC = YES;
				CLANG_WARN_BOOL_CONVERSION = YES;
				CLANG_WARN_CONSTANT_CONVERSION = YES;
				CLANG_WARN_DIRECT_OBJC_ISA_USAGE = YES_ERROR;
				CLANG_WARN_DOCUMENTATION_COMMENTS = YES;
				CLANG_WARN_EMPTY_BODY = YES;
				CLANG_WARN_ENUM_CONVERSION = YES;
				CLANG_WARN_INFINITE_RECURSION = YES;
				CLANG_WARN_INT_CONVERSION = YES;
				CLANG_WARN_OBJC_ROOT_CLASS = YES_ERROR;
				CLANG_WARN_SUSPICIOUS_MOVE = YES;
				CLANG_WARN_UNREACHABLE_CODE = YES;
				CLANG_WARN__DUPLICATE_METHOD_MATCH = YES;
				"CODE_SIGN_IDENTITY[sdk=iphoneos*]" = "iPhone Developer";
				COPY_PHASE_STRIP = NO;
				DEBUG_INFORMATION_FORMAT = dwarf;
				ENABLE_STRICT_OBJC_MSGSEND = YES;
				ENABLE_TESTABILITY = YES;
				GCC_C_LANGUAGE_STANDARD = gnu99;
				GCC_DYNAMIC_NO_PIC = NO;
				GCC_NO_COMMON_BLOCKS = YES;
				GCC_OPTIMIZATION_LEVEL = 0;
				GCC_PREPROCESSOR_DEFINITIONS = (
					"DEBUG=1",
					"$(inherited)",
				);
				GCC_WARN_64_TO_32_BIT_CONVERSION = YES;
				GCC_WARN_ABOUT_RETURN_TYPE = YES_ERROR;
				GCC_WARN_UNDECLARED_SELECTOR = YES;
				GCC_WARN_UNINITIALIZED_AUTOS = YES_AGGRESSIVE;
				GCC_WARN_UNUSED_FUNCTION = YES;
				GCC_WARN_UNUSED_VARIABLE = YES;
				IPHONEOS_DEPLOYMENT_TARGET = 10.2;
				MTL_ENABLE_DEBUG_INFO = YES;
				ONLY_ACTIVE_ARCH = YES;
				SDKROOT = iphoneos;
				SWIFT_ACTIVE_COMPILATION_CONDITIONS = DEBUG;
				SWIFT_OPTIMIZATION_LEVEL = "-Onone";
				TARGETED_DEVICE_FAMILY = "1,2";
			};
			name = Debug;
		};
		7C1FBF651EA675C3009A1FCB /* Release */ = {
			isa = XCBuildConfiguration;
			buildSettings = {
				ALWAYS_SEARCH_USER_PATHS = NO;
				CLANG_ANALYZER_NONNULL = YES;
				CLANG_CXX_LANGUAGE_STANDARD = "gnu++0x";
				CLANG_CXX_LIBRARY = "libc++";
				CLANG_ENABLE_MODULES = YES;
				CLANG_ENABLE_OBJC_ARC = YES;
				CLANG_WARN_BOOL_CONVERSION = YES;
				CLANG_WARN_CONSTANT_CONVERSION = YES;
				CLANG_WARN_DIRECT_OBJC_ISA_USAGE = YES_ERROR;
				CLANG_WARN_DOCUMENTATION_COMMENTS = YES;
				CLANG_WARN_EMPTY_BODY = YES;
				CLANG_WARN_ENUM_CONVERSION = YES;
				CLANG_WARN_INFINITE_RECURSION = YES;
				CLANG_WARN_INT_CONVERSION = YES;
				CLANG_WARN_OBJC_ROOT_CLASS = YES_ERROR;
				CLANG_WARN_SUSPICIOUS_MOVE = YES;
				CLANG_WARN_UNREACHABLE_CODE = YES;
				CLANG_WARN__DUPLICATE_METHOD_MATCH = YES;
				"CODE_SIGN_IDENTITY[sdk=iphoneos*]" = "iPhone Developer";
				COPY_PHASE_STRIP = NO;
				DEBUG_INFORMATION_FORMAT = "dwarf-with-dsym";
				ENABLE_NS_ASSERTIONS = NO;
				ENABLE_STRICT_OBJC_MSGSEND = YES;
				GCC_C_LANGUAGE_STANDARD = gnu99;
				GCC_NO_COMMON_BLOCKS = YES;
				GCC_WARN_64_TO_32_BIT_CONVERSION = YES;
				GCC_WARN_ABOUT_RETURN_TYPE = YES_ERROR;
				GCC_WARN_UNDECLARED_SELECTOR = YES;
				GCC_WARN_UNINITIALIZED_AUTOS = YES_AGGRESSIVE;
				GCC_WARN_UNUSED_FUNCTION = YES;
				GCC_WARN_UNUSED_VARIABLE = YES;
				IPHONEOS_DEPLOYMENT_TARGET = 10.2;
				MTL_ENABLE_DEBUG_INFO = NO;
				SDKROOT = iphoneos;
				SWIFT_OPTIMIZATION_LEVEL = "-Owholemodule";
				TARGETED_DEVICE_FAMILY = "1,2";
				VALIDATE_PRODUCT = YES;
			};
			name = Release;
		};
		7C1FBF671EA675C3009A1FCB /* Debug */ = {
			isa = XCBuildConfiguration;
			baseConfigurationReference = 875AAAFAB9517DF2F0663752 /* Pods-SunnyOrNot.debug.xcconfig */;
			buildSettings = {
				ASSETCATALOG_COMPILER_APPICON_NAME = AppIcon;
				INFOPLIST_FILE = SunnyOrNot/Info.plist;
				LD_RUNPATH_SEARCH_PATHS = "$(inherited) @executable_path/Frameworks";
				PRODUCT_BUNDLE_IDENTIFIER = com.subhankar.SunnyOrNot;
				PRODUCT_NAME = "$(TARGET_NAME)";
				SWIFT_VERSION = 3.0;
				TARGETED_DEVICE_FAMILY = 1;
			};
			name = Debug;
		};
		7C1FBF681EA675C3009A1FCB /* Release */ = {
			isa = XCBuildConfiguration;
			baseConfigurationReference = F119018D3E87ACA1B195F8FD /* Pods-SunnyOrNot.release.xcconfig */;
			buildSettings = {
				ASSETCATALOG_COMPILER_APPICON_NAME = AppIcon;
				INFOPLIST_FILE = SunnyOrNot/Info.plist;
				LD_RUNPATH_SEARCH_PATHS = "$(inherited) @executable_path/Frameworks";
				PRODUCT_BUNDLE_IDENTIFIER = com.subhankar.SunnyOrNot;
				PRODUCT_NAME = "$(TARGET_NAME)";
				SWIFT_VERSION = 3.0;
				TARGETED_DEVICE_FAMILY = 1;
			};
			name = Release;
		};
/* End XCBuildConfiguration section */

/* Begin XCConfigurationList section */
		7C1FBF4C1EA675C3009A1FCB /* Build configuration list for PBXProject "SunnyOrNot" */ = {
			isa = XCConfigurationList;
			buildConfigurations = (
				7C1FBF641EA675C3009A1FCB /* Debug */,
				7C1FBF651EA675C3009A1FCB /* Release */,
			);
			defaultConfigurationIsVisible = 0;
			defaultConfigurationName = Release;
		};
		7C1FBF661EA675C3009A1FCB /* Build configuration list for PBXNativeTarget "SunnyOrNot" */ = {
			isa = XCConfigurationList;
			buildConfigurations = (
				7C1FBF671EA675C3009A1FCB /* Debug */,
				7C1FBF681EA675C3009A1FCB /* Release */,
			);
			defaultConfigurationIsVisible = 0;
			defaultConfigurationName = Release;
		};
/* End XCConfigurationList section */

/* Begin XCVersionGroup section */
		7C1FBF5B1EA675C3009A1FCB /* SunnyOrNot.xcdatamodeld */ = {
			isa = XCVersionGroup;
			children = (
				7C1FBF5C1EA675C3009A1FCB /* SunnyOrNot.xcdatamodel */,
			);
			currentVersion = 7C1FBF5C1EA675C3009A1FCB /* SunnyOrNot.xcdatamodel */;
			path = SunnyOrNot.xcdatamodeld;
			sourceTree = "<group>";
			versionGroupType = wrapper.xcdatamodel;
		};
/* End XCVersionGroup section */
	};
	rootObject = 7C1FBF491EA675C3009A1FCB /* Project object */;
}
